
Microsoft Visual Studio Solution File, Format Version 11.00
# Visual Studio 2010
Project("{FAE04EC0-301F-11D3-BF4B-00C04F79EFBC}") = "witchcraft", "witchcraft\witchcraft.csproj", "{B66D25B6-4574-4FDA-AFB1-0F750A488972}"
EndProject
Global
	GlobalSection(SolutionConfigurationPlatforms) = preSolution
		Debug|x86 = Debug|x86
		Release|x86 = Release|x86
	EndGlobalSection
	GlobalSection(ProjectConfigurationPlatforms) = postSolution
		{B66D25B6-4574-4FDA-AFB1-0F750A488972}.Debug|x86.ActiveCfg = Debug|x86
		{B66D25B6-4574-4FDA-AFB1-0F750A488972}.Debug|x86.Build.0 = Debug|x86
		{B66D25B6-4574-4FDA-AFB1-0F750A488972}.Release|x86.ActiveCfg = Release|x86
		{B66D25B6-4574-4FDA-AFB1-0F750A488972}.Release|x86.Build.0 = Release|x86
	EndGlobalSection
	GlobalSection(MonoDevelopProperties) = preSolution
		StartupItem = witchcraft\witchcraft.csproj
	EndGlobalSection
EndGlobal
